
Microsoft Visual Studio Solution File, Format Version 12.00
# Visual Studio Version 17
VisualStudioVersion = 17.11.35327.3
MinimumVisualStudioVersion = 10.0.40219.1
Project("{8BC9CEB8-8B4A-11D0-8D11-00A0C91BC942}") = "RealityEngine", "RealityEngine.vcxproj", "{798CEDE5-F74F-444E-A3AE-BBB6B891D528}"
EndProject
Global
	GlobalSection(SolutionConfigurationPlatforms) = preSolution
		Debug|x64 = Debug|x64
		Debug|x86 = Debug|x86
		Release|x64 = Release|x64
		Release|x86 = Release|x86
	EndGlobalSection
	GlobalSection(ProjectConfigurationPlatforms) = postSolution
		{798CEDE5-F74F-444E-A3AE-BBB6B891D528}.Debug|x64.ActiveCfg = Debug|x64
		{798CEDE5-F74F-444E-A3AE-BBB6B891D528}.Debug|x64.Build.0 = Debug|x64
		{798CEDE5-F74F-444E-A3AE-BBB6B891D528}.Debug|x86.ActiveCfg = Debug|Win32
		{798CEDE5-F74F-444E-A3AE-BBB6B891D528}.Debug|x86.Build.0 = Debug|Win32
		{798CEDE5-F74F-444E-A3AE-BBB6B891D528}.Release|x64.ActiveCfg = Release|x64
		{798CEDE5-F74F-444E-A3AE-BBB6B891D528}.Release|x64.Build.0 = Release|x64
		{798CEDE5-F74F-444E-A3AE-BBB6B891D528}.Release|x86.ActiveCfg = Release|Win32
		{798CEDE5-F74F-444E-A3AE-BBB6B891D528}.Release|x86.Build.0 = Release|Win32
	EndGlobalSection
	GlobalSection(SolutionProperties) = preSolution
		HideSolutionNode = FALSE
	EndGlobalSection
	GlobalSection(ExtensibilityGlobals) = postSolution
		SolutionGuid = {6E2D55C6-809A-48EC-84B5-E2120D91DC02}
	EndGlobalSection
EndGlobal
